
Microsoft Visual Studio Solution File, Format Version 12.00
# Visual Studio Version 17
VisualStudioVersion = 17.0.31912.275
MinimumVisualStudioVersion = 10.0.40219.1
Project("{9A19103F-16F7-4668-BE54-9A1E7A4F7556}") = "AplicacionNetRazor", "AplicacionNetRazor\AplicacionNetRazor.csproj", "{777E1FF8-D528-4D1C-A595-A14E7D9BABD7}"
EndProject
Project("{2150E333-8FDC-42A3-9474-1A3956D46DE8}") = "Solution Items", "Solution Items", "{5023CD7F-3B0F-4A25-BBE5-50592408B1F0}"
	ProjectSection(SolutionItems) = preProject
		.editorconfig = .editorconfig
	EndProjectSection
EndProject
Global
	GlobalSection(SolutionConfigurationPlatforms) = preSolution
		Debug|Any CPU = Debug|Any CPU
		Release|Any CPU = Release|Any CPU
	EndGlobalSection
	GlobalSection(ProjectConfigurationPlatforms) = postSolution
		{777E1FF8-D528-4D1C-A595-A14E7D9BABD7}.Debug|Any CPU.ActiveCfg = Debug|Any CPU
		{777E1FF8-D528-4D1C-A595-A14E7D9BABD7}.Debug|Any CPU.Build.0 = Debug|Any CPU
		{777E1FF8-D528-4D1C-A595-A14E7D9BABD7}.Release|Any CPU.ActiveCfg = Release|Any CPU
		{777E1FF8-D528-4D1C-A595-A14E7D9BABD7}.Release|Any CPU.Build.0 = Release|Any CPU
	EndGlobalSection
	GlobalSection(SolutionProperties) = preSolution
		HideSolutionNode = FALSE
	EndGlobalSection
	GlobalSection(ExtensibilityGlobals) = postSolution
		SolutionGuid = {03D14A8F-8FB0-46A3-8EA2-89654ECBD6E4}
	EndGlobalSection
EndGlobal
